
Microsoft Visual Studio Solution File, Format Version 12.00
# Visual Studio Version 16
VisualStudioVersion = 16.0.32901.82
MinimumVisualStudioVersion = 10.0.40219.1
Project("{FAE04EC0-301F-11D3-BF4B-00C04F79EFBC}") = "cwiczenie13", "cwiczenie13\cwiczenie13.csproj", "{47ABDE7C-14C1-49F1-B337-195646EC3327}"
EndProject
Global
	GlobalSection(SolutionConfigurationPlatforms) = preSolution
		Debug|Any CPU = Debug|Any CPU
		Release|Any CPU = Release|Any CPU
	EndGlobalSection
	GlobalSection(ProjectConfigurationPlatforms) = postSolution
		{47ABDE7C-14C1-49F1-B337-195646EC3327}.Debug|Any CPU.ActiveCfg = Debug|Any CPU
		{47ABDE7C-14C1-49F1-B337-195646EC3327}.Debug|Any CPU.Build.0 = Debug|Any CPU
		{47ABDE7C-14C1-49F1-B337-195646EC3327}.Release|Any CPU.ActiveCfg = Release|Any CPU
		{47ABDE7C-14C1-49F1-B337-195646EC3327}.Release|Any CPU.Build.0 = Release|Any CPU
	EndGlobalSection
	GlobalSection(SolutionProperties) = preSolution
		HideSolutionNode = FALSE
	EndGlobalSection
	GlobalSection(ExtensibilityGlobals) = postSolution
		SolutionGuid = {F75C4994-F280-4BE0-BE81-AE1ED0E94310}
	EndGlobalSection
EndGlobal
