
Microsoft Visual Studio Solution File, Format Version 12.00
# Visual Studio Version 16
VisualStudioVersion = 16.0.32901.82
MinimumVisualStudioVersion = 10.0.40219.1
Project("{FAE04EC0-301F-11D3-BF4B-00C04F79EFBC}") = "temperatura", "temperatura\temperatura.csproj", "{137214E7-977F-4753-8CEB-C57696A0F420}"
EndProject
Global
	GlobalSection(SolutionConfigurationPlatforms) = preSolution
		Debug|Any CPU = Debug|Any CPU
		Release|Any CPU = Release|Any CPU
	EndGlobalSection
	GlobalSection(ProjectConfigurationPlatforms) = postSolution
		{137214E7-977F-4753-8CEB-C57696A0F420}.Debug|Any CPU.ActiveCfg = Debug|Any CPU
		{137214E7-977F-4753-8CEB-C57696A0F420}.Debug|Any CPU.Build.0 = Debug|Any CPU
		{137214E7-977F-4753-8CEB-C57696A0F420}.Release|Any CPU.ActiveCfg = Release|Any CPU
		{137214E7-977F-4753-8CEB-C57696A0F420}.Release|Any CPU.Build.0 = Release|Any CPU
	EndGlobalSection
	GlobalSection(SolutionProperties) = preSolution
		HideSolutionNode = FALSE
	EndGlobalSection
	GlobalSection(ExtensibilityGlobals) = postSolution
		SolutionGuid = {2DCE5B84-9601-48FC-AF23-7C65BC7896EC}
	EndGlobalSection
EndGlobal
