
Microsoft Visual Studio Solution File, Format Version 12.00
# Visual Studio Version 16
VisualStudioVersion = 16.0.32901.82
MinimumVisualStudioVersion = 10.0.40219.1
Project("{FAE04EC0-301F-11D3-BF4B-00C04F79EFBC}") = "modyfikatorout", "modyfikatorout\modyfikatorout.csproj", "{EE3D38A2-958B-4359-8F67-149FDD750C0D}"
EndProject
Global
	GlobalSection(SolutionConfigurationPlatforms) = preSolution
		Debug|Any CPU = Debug|Any CPU
		Release|Any CPU = Release|Any CPU
	EndGlobalSection
	GlobalSection(ProjectConfigurationPlatforms) = postSolution
		{EE3D38A2-958B-4359-8F67-149FDD750C0D}.Debug|Any CPU.ActiveCfg = Debug|Any CPU
		{EE3D38A2-958B-4359-8F67-149FDD750C0D}.Debug|Any CPU.Build.0 = Debug|Any CPU
		{EE3D38A2-958B-4359-8F67-149FDD750C0D}.Release|Any CPU.ActiveCfg = Release|Any CPU
		{EE3D38A2-958B-4359-8F67-149FDD750C0D}.Release|Any CPU.Build.0 = Release|Any CPU
	EndGlobalSection
	GlobalSection(SolutionProperties) = preSolution
		HideSolutionNode = FALSE
	EndGlobalSection
	GlobalSection(ExtensibilityGlobals) = postSolution
		SolutionGuid = {98B99716-1089-4CFA-A830-9CA6CAA61C99}
	EndGlobalSection
EndGlobal
