
Microsoft Visual Studio Solution File, Format Version 12.00
# Visual Studio Version 16
VisualStudioVersion = 16.0.32901.82
MinimumVisualStudioVersion = 10.0.40219.1
Project("{FAE04EC0-301F-11D3-BF4B-00C04F79EFBC}") = "cwiczenie 4", "cwiczenie 4\cwiczenie 4.csproj", "{44E58D89-7960-4429-8181-8CCE17E1A0B9}"
EndProject
Global
	GlobalSection(SolutionConfigurationPlatforms) = preSolution
		Debug|Any CPU = Debug|Any CPU
		Release|Any CPU = Release|Any CPU
	EndGlobalSection
	GlobalSection(ProjectConfigurationPlatforms) = postSolution
		{44E58D89-7960-4429-8181-8CCE17E1A0B9}.Debug|Any CPU.ActiveCfg = Debug|Any CPU
		{44E58D89-7960-4429-8181-8CCE17E1A0B9}.Debug|Any CPU.Build.0 = Debug|Any CPU
		{44E58D89-7960-4429-8181-8CCE17E1A0B9}.Release|Any CPU.ActiveCfg = Release|Any CPU
		{44E58D89-7960-4429-8181-8CCE17E1A0B9}.Release|Any CPU.Build.0 = Release|Any CPU
	EndGlobalSection
	GlobalSection(SolutionProperties) = preSolution
		HideSolutionNode = FALSE
	EndGlobalSection
	GlobalSection(ExtensibilityGlobals) = postSolution
		SolutionGuid = {DF77DFF3-29E4-4A60-8BDE-1A34762E8E04}
	EndGlobalSection
EndGlobal
