
Microsoft Visual Studio Solution File, Format Version 12.00
# Visual Studio Version 16
VisualStudioVersion = 16.0.32901.82
MinimumVisualStudioVersion = 10.0.40219.1
Project("{FAE04EC0-301F-11D3-BF4B-00C04F79EFBC}") = "cwiczenie16", "cwiczenie16\cwiczenie16.csproj", "{4954E7A5-FC78-48F3-A842-024F11DDF7DD}"
EndProject
Global
	GlobalSection(SolutionConfigurationPlatforms) = preSolution
		Debug|Any CPU = Debug|Any CPU
		Release|Any CPU = Release|Any CPU
	EndGlobalSection
	GlobalSection(ProjectConfigurationPlatforms) = postSolution
		{4954E7A5-FC78-48F3-A842-024F11DDF7DD}.Debug|Any CPU.ActiveCfg = Debug|Any CPU
		{4954E7A5-FC78-48F3-A842-024F11DDF7DD}.Debug|Any CPU.Build.0 = Debug|Any CPU
		{4954E7A5-FC78-48F3-A842-024F11DDF7DD}.Release|Any CPU.ActiveCfg = Release|Any CPU
		{4954E7A5-FC78-48F3-A842-024F11DDF7DD}.Release|Any CPU.Build.0 = Release|Any CPU
	EndGlobalSection
	GlobalSection(SolutionProperties) = preSolution
		HideSolutionNode = FALSE
	EndGlobalSection
	GlobalSection(ExtensibilityGlobals) = postSolution
		SolutionGuid = {7F106FA5-2E30-46F9-A20A-F969DA7382DD}
	EndGlobalSection
EndGlobal
