
Microsoft Visual Studio Solution File, Format Version 12.00
# Visual Studio Version 16
VisualStudioVersion = 16.0.32901.82
MinimumVisualStudioVersion = 10.0.40219.1
Project("{FAE04EC0-301F-11D3-BF4B-00C04F79EFBC}") = "cwiczenie8", "cwiczenie8\cwiczenie8.csproj", "{5687F131-CA92-4DBA-9ECC-42B4CD324747}"
EndProject
Global
	GlobalSection(SolutionConfigurationPlatforms) = preSolution
		Debug|Any CPU = Debug|Any CPU
		Release|Any CPU = Release|Any CPU
	EndGlobalSection
	GlobalSection(ProjectConfigurationPlatforms) = postSolution
		{5687F131-CA92-4DBA-9ECC-42B4CD324747}.Debug|Any CPU.ActiveCfg = Debug|Any CPU
		{5687F131-CA92-4DBA-9ECC-42B4CD324747}.Debug|Any CPU.Build.0 = Debug|Any CPU
		{5687F131-CA92-4DBA-9ECC-42B4CD324747}.Release|Any CPU.ActiveCfg = Release|Any CPU
		{5687F131-CA92-4DBA-9ECC-42B4CD324747}.Release|Any CPU.Build.0 = Release|Any CPU
	EndGlobalSection
	GlobalSection(SolutionProperties) = preSolution
		HideSolutionNode = FALSE
	EndGlobalSection
	GlobalSection(ExtensibilityGlobals) = postSolution
		SolutionGuid = {A07909E5-A176-4D42-AC2C-9B6D73EC1A2A}
	EndGlobalSection
EndGlobal
