
Microsoft Visual Studio Solution File, Format Version 12.00
# Visual Studio Version 16
VisualStudioVersion = 16.0.32901.82
MinimumVisualStudioVersion = 10.0.40219.1
Project("{FAE04EC0-301F-11D3-BF4B-00C04F79EFBC}") = "RobustGuy", "RobustGuy\RobustGuy.csproj", "{F037021E-750D-41F5-A13C-612BE449FEFD}"
EndProject
Global
	GlobalSection(SolutionConfigurationPlatforms) = preSolution
		Debug|Any CPU = Debug|Any CPU
		Release|Any CPU = Release|Any CPU
	EndGlobalSection
	GlobalSection(ProjectConfigurationPlatforms) = postSolution
		{F037021E-750D-41F5-A13C-612BE449FEFD}.Debug|Any CPU.ActiveCfg = Debug|Any CPU
		{F037021E-750D-41F5-A13C-612BE449FEFD}.Debug|Any CPU.Build.0 = Debug|Any CPU
		{F037021E-750D-41F5-A13C-612BE449FEFD}.Release|Any CPU.ActiveCfg = Release|Any CPU
		{F037021E-750D-41F5-A13C-612BE449FEFD}.Release|Any CPU.Build.0 = Release|Any CPU
	EndGlobalSection
	GlobalSection(SolutionProperties) = preSolution
		HideSolutionNode = FALSE
	EndGlobalSection
	GlobalSection(ExtensibilityGlobals) = postSolution
		SolutionGuid = {94D13F34-B1F8-4270-96CD-002553B1AE61}
	EndGlobalSection
EndGlobal
