
Microsoft Visual Studio Solution File, Format Version 12.00
# Visual Studio Version 16
VisualStudioVersion = 16.0.32901.82
MinimumVisualStudioVersion = 10.0.40219.1
Project("{FAE04EC0-301F-11D3-BF4B-00C04F79EFBC}") = "cwiczenie10", "cwiczenie10\cwiczenie10.csproj", "{095FAED8-8B1C-49BE-A2E3-278F7A213772}"
EndProject
Global
	GlobalSection(SolutionConfigurationPlatforms) = preSolution
		Debug|Any CPU = Debug|Any CPU
		Release|Any CPU = Release|Any CPU
	EndGlobalSection
	GlobalSection(ProjectConfigurationPlatforms) = postSolution
		{095FAED8-8B1C-49BE-A2E3-278F7A213772}.Debug|Any CPU.ActiveCfg = Debug|Any CPU
		{095FAED8-8B1C-49BE-A2E3-278F7A213772}.Debug|Any CPU.Build.0 = Debug|Any CPU
		{095FAED8-8B1C-49BE-A2E3-278F7A213772}.Release|Any CPU.ActiveCfg = Release|Any CPU
		{095FAED8-8B1C-49BE-A2E3-278F7A213772}.Release|Any CPU.Build.0 = Release|Any CPU
	EndGlobalSection
	GlobalSection(SolutionProperties) = preSolution
		HideSolutionNode = FALSE
	EndGlobalSection
	GlobalSection(ExtensibilityGlobals) = postSolution
		SolutionGuid = {91A3A8D7-4C75-4539-BA28-422A4BFFCA4E}
	EndGlobalSection
EndGlobal
