
Microsoft Visual Studio Solution File, Format Version 12.00
# Visual Studio Version 16
VisualStudioVersion = 16.0.32901.82
MinimumVisualStudioVersion = 10.0.40219.1
Project("{FAE04EC0-301F-11D3-BF4B-00C04F79EFBC}") = "cwiczenie21", "cwiczenie21\cwiczenie21.csproj", "{424C8424-0A37-4215-8E41-A7676CC7CE79}"
EndProject
Global
	GlobalSection(SolutionConfigurationPlatforms) = preSolution
		Debug|Any CPU = Debug|Any CPU
		Release|Any CPU = Release|Any CPU
	EndGlobalSection
	GlobalSection(ProjectConfigurationPlatforms) = postSolution
		{424C8424-0A37-4215-8E41-A7676CC7CE79}.Debug|Any CPU.ActiveCfg = Debug|Any CPU
		{424C8424-0A37-4215-8E41-A7676CC7CE79}.Debug|Any CPU.Build.0 = Debug|Any CPU
		{424C8424-0A37-4215-8E41-A7676CC7CE79}.Release|Any CPU.ActiveCfg = Release|Any CPU
		{424C8424-0A37-4215-8E41-A7676CC7CE79}.Release|Any CPU.Build.0 = Release|Any CPU
	EndGlobalSection
	GlobalSection(SolutionProperties) = preSolution
		HideSolutionNode = FALSE
	EndGlobalSection
	GlobalSection(ExtensibilityGlobals) = postSolution
		SolutionGuid = {26C60903-AED8-4B71-8E96-3A7E686DFE41}
	EndGlobalSection
EndGlobal
