
Microsoft Visual Studio Solution File, Format Version 12.00
# Visual Studio Version 16
VisualStudioVersion = 16.0.32901.82
MinimumVisualStudioVersion = 10.0.40219.1
Project("{FAE04EC0-301F-11D3-BF4B-00C04F79EFBC}") = "dispose", "dispose\dispose.csproj", "{179D4160-C52C-4182-B893-72F5DE007467}"
EndProject
Global
	GlobalSection(SolutionConfigurationPlatforms) = preSolution
		Debug|Any CPU = Debug|Any CPU
		Release|Any CPU = Release|Any CPU
	EndGlobalSection
	GlobalSection(ProjectConfigurationPlatforms) = postSolution
		{179D4160-C52C-4182-B893-72F5DE007467}.Debug|Any CPU.ActiveCfg = Debug|Any CPU
		{179D4160-C52C-4182-B893-72F5DE007467}.Debug|Any CPU.Build.0 = Debug|Any CPU
		{179D4160-C52C-4182-B893-72F5DE007467}.Release|Any CPU.ActiveCfg = Release|Any CPU
		{179D4160-C52C-4182-B893-72F5DE007467}.Release|Any CPU.Build.0 = Release|Any CPU
	EndGlobalSection
	GlobalSection(SolutionProperties) = preSolution
		HideSolutionNode = FALSE
	EndGlobalSection
	GlobalSection(ExtensibilityGlobals) = postSolution
		SolutionGuid = {B2BAA582-2CC7-4F3F-A76B-3769D7B16061}
	EndGlobalSection
EndGlobal
