
Microsoft Visual Studio Solution File, Format Version 12.00
# Visual Studio Version 16
VisualStudioVersion = 16.0.32901.82
MinimumVisualStudioVersion = 10.0.40219.1
Project("{FAE04EC0-301F-11D3-BF4B-00C04F79EFBC}") = "edytortekstowy", "edytortekstowy\edytortekstowy.csproj", "{C6541CD1-9249-45AA-A3D7-C04231BC633E}"
EndProject
Global
	GlobalSection(SolutionConfigurationPlatforms) = preSolution
		Debug|Any CPU = Debug|Any CPU
		Release|Any CPU = Release|Any CPU
	EndGlobalSection
	GlobalSection(ProjectConfigurationPlatforms) = postSolution
		{C6541CD1-9249-45AA-A3D7-C04231BC633E}.Debug|Any CPU.ActiveCfg = Debug|Any CPU
		{C6541CD1-9249-45AA-A3D7-C04231BC633E}.Debug|Any CPU.Build.0 = Debug|Any CPU
		{C6541CD1-9249-45AA-A3D7-C04231BC633E}.Release|Any CPU.ActiveCfg = Release|Any CPU
		{C6541CD1-9249-45AA-A3D7-C04231BC633E}.Release|Any CPU.Build.0 = Release|Any CPU
	EndGlobalSection
	GlobalSection(SolutionProperties) = preSolution
		HideSolutionNode = FALSE
	EndGlobalSection
	GlobalSection(ExtensibilityGlobals) = postSolution
		SolutionGuid = {B3151C80-5FD5-4D2F-B55F-3AFDA6D641AB}
	EndGlobalSection
EndGlobal
